// !$*UTF8*$!
{
	archiveVersion = 1;
	classes = {
	};
	objectVersion = 55;
	objects = {

/* Begin PBXBuildFile section */
		704E77F828CE43C40075F952 /* ParseMigrateKeychainApp.swift in Sources */ = {isa = PBXBuildFile; fileRef = 704E77F728CE43C40075F952 /* ParseMigrateKeychainApp.swift */; };
		704E77FA28CE43C40075F952 /* ContentView.swift in Sources */ = {isa = PBXBuildFile; fileRef = 704E77F928CE43C40075F952 /* ContentView.swift */; };
		704E77FC28CE43C60075F952 /* Assets.xcassets in Resources */ = {isa = PBXBuildFile; fileRef = 704E77FB28CE43C60075F952 /* Assets.xcassets */; };
		704E77FF28CE43C60075F952 /* Preview Assets.xcassets in Resources */ = {isa = PBXBuildFile; fileRef = 704E77FE28CE43C60075F952 /* Preview Assets.xcassets */; };
		704E780A28CE477E0075F952 /* Parse in Frameworks */ = {isa = PBXBuildFile; productRef = 704E780928CE477E0075F952 /* Parse */; };
		704E780C28CE47D40075F952 /* ContentViewModel.swift in Sources */ = {isa = PBXBuildFile; fileRef = 704E780B28CE47D40075F952 /* ContentViewModel.swift */; };
		704E780F28CE4CB10075F952 /* User.swift in Sources */ = {isa = PBXBuildFile; fileRef = 704E780E28CE4CB10075F952 /* User.swift */; };
		704E781128CE4CBE0075F952 /* Installation.swift in Sources */ = {isa = PBXBuildFile; fileRef = 704E781028CE4CBE0075F952 /* Installation.swift */; };
		704E781428CEEF3E0075F952 /* ParseSwift in Frameworks */ = {isa = PBXBuildFile; productRef = 704E781328CEEF3E0075F952 /* ParseSwift */; };
/* End PBXBuildFile section */

/* Begin PBXFileReference section */
		704E77F428CE43C40075F952 /* ParseMigrateKeychain.app */ = {isa = PBXFileReference; explicitFileType = wrapper.application; includeInIndex = 0; path = ParseMigrateKeychain.app; sourceTree = BUILT_PRODUCTS_DIR; };
		704E77F728CE43C40075F952 /* ParseMigrateKeychainApp.swift */ = {isa = PBXFileReference; lastKnownFileType = sourcecode.swift; path = ParseMigrateKeychainApp.swift; sourceTree = "<group>"; };
		704E77F928CE43C40075F952 /* ContentView.swift */ = {isa = PBXFileReference; lastKnownFileType = sourcecode.swift; path = ContentView.swift; sourceTree = "<group>"; };
		704E77FB28CE43C60075F952 /* Assets.xcassets */ = {isa = PBXFileReference; lastKnownFileType = folder.assetcatalog; path = Assets.xcassets; sourceTree = "<group>"; };
		704E77FE28CE43C60075F952 /* Preview Assets.xcassets */ = {isa = PBXFileReference; lastKnownFileType = folder.assetcatalog; path = "Preview Assets.xcassets"; sourceTree = "<group>"; };
		704E780B28CE47D40075F952 /* ContentViewModel.swift */ = {isa = PBXFileReference; lastKnownFileType = sourcecode.swift; path = ContentViewModel.swift; sourceTree = "<group>"; };
		704E780E28CE4CB10075F952 /* User.swift */ = {isa = PBXFileReference; lastKnownFileType = sourcecode.swift; path = User.swift; sourceTree = "<group>"; };
		704E781028CE4CBE0075F952 /* Installation.swift */ = {isa = PBXFileReference; lastKnownFileType = sourcecode.swift; path = Installation.swift; sourceTree = "<group>"; };
/* End PBXFileReference section */

/* Begin PBXFrameworksBuildPhase section */
		704E77F128CE43C40075F952 /* Frameworks */ = {
			isa = PBXFrameworksBuildPhase;
			buildActionMask = 2147483647;
			files = (
				704E781428CEEF3E0075F952 /* ParseSwift in Frameworks */,
				704E780A28CE477E0075F952 /* Parse in Frameworks */,
			);
			runOnlyForDeploymentPostprocessing = 0;
		};
/* End PBXFrameworksBuildPhase section */

/* Begin PBXGroup section */
		704E77EB28CE43C40075F952 = {
			isa = PBXGroup;
			children = (
				704E77F628CE43C40075F952 /* ParseMigrateKeychain */,
				704E77F528CE43C40075F952 /* Products */,
			);
			sourceTree = "<group>";
		};
		704E77F528CE43C40075F952 /* Products */ = {
			isa = PBXGroup;
			children = (
				704E77F428CE43C40075F952 /* ParseMigrateKeychain.app */,
			);
			name = Products;
			sourceTree = "<group>";
		};
		704E77F628CE43C40075F952 /* ParseMigrateKeychain */ = {
			isa = PBXGroup;
			children = (
				704E77F928CE43C40075F952 /* ContentView.swift */,
				704E780B28CE47D40075F952 /* ContentViewModel.swift */,
				704E77F728CE43C40075F952 /* ParseMigrateKeychainApp.swift */,
				704E77FB28CE43C60075F952 /* Assets.xcassets */,
				704E780D28CE4C970075F952 /* Models */,
				704E77FD28CE43C60075F952 /* Preview Content */,
			);
			path = ParseMigrateKeychain;
			sourceTree = "<group>";
		};
		704E77FD28CE43C60075F952 /* Preview Content */ = {
			isa = PBXGroup;
			children = (
				704E77FE28CE43C60075F952 /* Preview Assets.xcassets */,
			);
			path = "Preview Content";
			sourceTree = "<group>";
		};
		704E780D28CE4C970075F952 /* Models */ = {
			isa = PBXGroup;
			children = (
				704E780E28CE4CB10075F952 /* User.swift */,
				704E781028CE4CBE0075F952 /* Installation.swift */,
			);
			path = Models;
			sourceTree = "<group>";
		};
/* End PBXGroup section */

/* Begin PBXNativeTarget section */
		704E77F328CE43C40075F952 /* ParseMigrateKeychain */ = {
			isa = PBXNativeTarget;
			buildConfigurationList = 704E780228CE43C60075F952 /* Build configuration list for PBXNativeTarget "ParseMigrateKeychain" */;
			buildPhases = (
				704E77F028CE43C40075F952 /* Sources */,
				704E77F128CE43C40075F952 /* Frameworks */,
				704E77F228CE43C40075F952 /* Resources */,
			);
			buildRules = (
			);
			dependencies = (
			);
			name = ParseMigrateKeychain;
			packageProductDependencies = (
				704E780928CE477E0075F952 /* Parse */,
				704E781328CEEF3E0075F952 /* ParseSwift */,
			);
			productName = ParseMigrateKeychain;
			productReference = 704E77F428CE43C40075F952 /* ParseMigrateKeychain.app */;
			productType = "com.apple.product-type.application";
		};
/* End PBXNativeTarget section */

/* Begin PBXProject section */
		704E77EC28CE43C40075F952 /* Project object */ = {
			isa = PBXProject;
			attributes = {
				BuildIndependentTargetsInParallel = 1;
				LastSwiftUpdateCheck = 1340;
				LastUpgradeCheck = 1340;
				TargetAttributes = {
					704E77F328CE43C40075F952 = {
						CreatedOnToolsVersion = 13.4.1;
					};
				};
			};
			buildConfigurationList = 704E77EF28CE43C40075F952 /* Build configuration list for PBXProject "ParseMigrateKeychain" */;
			compatibilityVersion = "Xcode 13.0";
			developmentRegion = en;
			hasScannedForEncodings = 0;
			knownRegions = (
				en,
				Base,
			);
			mainGroup = 704E77EB28CE43C40075F952;
			packageReferences = (
				704E780828CE477E0075F952 /* XCRemoteSwiftPackageReference "Parse-SDK-iOS-OSX" */,
				704E781228CEEF3E0075F952 /* XCRemoteSwiftPackageReference "Parse-Swift" */,
			);
			productRefGroup = 704E77F528CE43C40075F952 /* Products */;
			projectDirPath = "";
			projectRoot = "";
			targets = (
				704E77F328CE43C40075F952 /* ParseMigrateKeychain */,
			);
		};
/* End PBXProject section */

/* Begin PBXResourcesBuildPhase section */
		704E77F228CE43C40075F952 /* Resources */ = {
			isa = PBXResourcesBuildPhase;
			buildActionMask = 2147483647;
			files = (
				704E77FF28CE43C60075F952 /* Preview Assets.xcassets in Resources */,
				704E77FC28CE43C60075F952 /* Assets.xcassets in Resources */,
			);
			runOnlyForDeploymentPostprocessing = 0;
		};
/* End PBXResourcesBuildPhase section */

/* Begin PBXSourcesBuildPhase section */
		704E77F028CE43C40075F952 /* Sources */ = {
			isa = PBXSourcesBuildPhase;
			buildActionMask = 2147483647;
			files = (
				704E780F28CE4CB10075F952 /* User.swift in Sources */,
				704E781128CE4CBE0075F952 /* Installation.swift in Sources */,
				704E77FA28CE43C40075F952 /* ContentView.swift in Sources */,
				704E77F828CE43C40075F952 /* ParseMigrateKeychainApp.swift in Sources */,
				704E780C28CE47D40075F952 /* ContentViewModel.swift in Sources */,
			);
			runOnlyForDeploymentPostprocessing = 0;
		};
/* End PBXSourcesBuildPhase section */

/* Begin XCBuildConfiguration section */
		704E780028CE43C60075F952 /* Debug */ = {
			isa = XCBuildConfiguration;
			buildSettings = {
				ALWAYS_SEARCH_USER_PATHS = NO;
				CLANG_ANALYZER_NONNULL = YES;
				CLANG_ANALYZER_NUMBER_OBJECT_CONVERSION = YES_AGGRESSIVE;
				CLANG_CXX_LANGUAGE_STANDARD = "gnu++17";
				CLANG_ENABLE_MODULES = YES;
				CLANG_ENABLE_OBJC_ARC = YES;
				CLANG_ENABLE_OBJC_WEAK = YES;
				CLANG_WARN_BLOCK_CAPTURE_AUTORELEASING = YES;
				CLANG_WARN_BOOL_CONVERSION = YES;
				CLANG_WARN_COMMA = YES;
				CLANG_WARN_CONSTANT_CONVERSION = YES;
				CLANG_WARN_DEPRECATED_OBJC_IMPLEMENTATIONS = YES;
				CLANG_WARN_DIRECT_OBJC_ISA_USAGE = YES_ERROR;
				CLANG_WARN_DOCUMENTATION_COMMENTS = YES;
				CLANG_WARN_EMPTY_BODY = YES;
				CLANG_WARN_ENUM_CONVERSION = YES;
				CLANG_WARN_INFINITE_RECURSION = YES;
				CLANG_WARN_INT_CONVERSION = YES;
				CLANG_WARN_NON_LITERAL_NULL_CONVERSION = YES;
				CLANG_WARN_OBJC_IMPLICIT_RETAIN_SELF = YES;
				CLANG_WARN_OBJC_LITERAL_CONVERSION = YES;
				CLANG_WARN_OBJC_ROOT_CLASS = YES_ERROR;
				CLANG_WARN_QUOTED_INCLUDE_IN_FRAMEWORK_HEADER = YES;
				CLANG_WARN_RANGE_LOOP_ANALYSIS = YES;
				CLANG_WARN_STRICT_PROTOTYPES = YES;
				CLANG_WARN_SUSPICIOUS_MOVE = YES;
				CLANG_WARN_UNGUARDED_AVAILABILITY = YES_AGGRESSIVE;
				CLANG_WARN_UNREACHABLE_CODE = YES;
				CLANG_WARN__DUPLICATE_METHOD_MATCH = YES;
				COPY_PHASE_STRIP = NO;
				DEBUG_INFORMATION_FORMAT = dwarf;
				ENABLE_STRICT_OBJC_MSGSEND = YES;
				ENABLE_TESTABILITY = YES;
				GCC_C_LANGUAGE_STANDARD = gnu11;
				GCC_DYNAMIC_NO_PIC = NO;
				GCC_NO_COMMON_BLOCKS = YES;
				GCC_OPTIMIZATION_LEVEL = 0;
				GCC_PREPROCESSOR_DEFINITIONS = (
					"DEBUG=1",
					"$(inherited)",
				);
				GCC_WARN_64_TO_32_BIT_CONVERSION = YES;
				GCC_WARN_ABOUT_RETURN_TYPE = YES_ERROR;
				GCC_WARN_UNDECLARED_SELECTOR = YES;
				GCC_WARN_UNINITIALIZED_AUTOS = YES_AGGRESSIVE;
				GCC_WARN_UNUSED_FUNCTION = YES;
				GCC_WARN_UNUSED_VARIABLE = YES;
				IPHONEOS_DEPLOYMENT_TARGET = 15.5;
				MTL_ENABLE_DEBUG_INFO = INCLUDE_SOURCE;
				MTL_FAST_MATH = YES;
				ONLY_ACTIVE_ARCH = YES;
				SDKROOT = iphoneos;
				SWIFT_ACTIVE_COMPILATION_CONDITIONS = DEBUG;
				SWIFT_OPTIMIZATION_LEVEL = "-Onone";
			};
			name = Debug;
		};
		704E780128CE43C60075F952 /* Release */ = {
			isa = XCBuildConfiguration;
			buildSettings = {
				ALWAYS_SEARCH_USER_PATHS = NO;
				CLANG_ANALYZER_NONNULL = YES;
				CLANG_ANALYZER_NUMBER_OBJECT_CONVERSION = YES_AGGRESSIVE;
				CLANG_CXX_LANGUAGE_STANDARD = "gnu++17";
				CLANG_ENABLE_MODULES = YES;
				CLANG_ENABLE_OBJC_ARC = YES;
				CLANG_ENABLE_OBJC_WEAK = YES;
				CLANG_WARN_BLOCK_CAPTURE_AUTORELEASING = YES;
				CLANG_WARN_BOOL_CONVERSION = YES;
				CLANG_WARN_COMMA = YES;
				CLANG_WARN_CONSTANT_CONVERSION = YES;
				CLANG_WARN_DEPRECATED_OBJC_IMPLEMENTATIONS = YES;
				CLANG_WARN_DIRECT_OBJC_ISA_USAGE = YES_ERROR;
				CLANG_WARN_DOCUMENTATION_COMMENTS = YES;
				CLANG_WARN_EMPTY_BODY = YES;
				CLANG_WARN_ENUM_CONVERSION = YES;
				CLANG_WARN_INFINITE_RECURSION = YES;
				CLANG_WARN_INT_CONVERSION = YES;
				CLANG_WARN_NON_LITERAL_NULL_CONVERSION = YES;
				CLANG_WARN_OBJC_IMPLICIT_RETAIN_SELF = YES;
				CLANG_WARN_OBJC_LITERAL_CONVERSION = YES;
				CLANG_WARN_OBJC_ROOT_CLASS = YES_ERROR;
				CLANG_WARN_QUOTED_INCLUDE_IN_FRAMEWORK_HEADER = YES;
				CLANG_WARN_RANGE_LOOP_ANALYSIS = YES;
				CLANG_WARN_STRICT_PROTOTYPES = YES;
				CLANG_WARN_SUSPICIOUS_MOVE = YES;
				CLANG_WARN_UNGUARDED_AVAILABILITY = YES_AGGRESSIVE;
				CLANG_WARN_UNREACHABLE_CODE = YES;
				CLANG_WARN__DUPLICATE_METHOD_MATCH = YES;
				COPY_PHASE_STRIP = NO;
				DEBUG_INFORMATION_FORMAT = "dwarf-with-dsym";
				ENABLE_NS_ASSERTIONS = NO;
				ENABLE_STRICT_OBJC_MSGSEND = YES;
				GCC_C_LANGUAGE_STANDARD = gnu11;
				GCC_NO_COMMON_BLOCKS = YES;
				GCC_WARN_64_TO_32_BIT_CONVERSION = YES;
				GCC_WARN_ABOUT_RETURN_TYPE = YES_ERROR;
				GCC_WARN_UNDECLARED_SELECTOR = YES;
				GCC_WARN_UNINITIALIZED_AUTOS = YES_AGGRESSIVE;
				GCC_WARN_UNUSED_FUNCTION = YES;
				GCC_WARN_UNUSED_VARIABLE = YES;
				IPHONEOS_DEPLOYMENT_TARGET = 15.5;
				MTL_ENABLE_DEBUG_INFO = NO;
				MTL_FAST_MATH = YES;
				SDKROOT = iphoneos;
				SWIFT_COMPILATION_MODE = wholemodule;
				SWIFT_OPTIMIZATION_LEVEL = "-O";
				VALIDATE_PRODUCT = YES;
			};
			name = Release;
		};
		704E780328CE43C60075F952 /* Debug */ = {
			isa = XCBuildConfiguration;
			buildSettings = {
				ASSETCATALOG_COMPILER_APPICON_NAME = AppIcon;
				ASSETCATALOG_COMPILER_GLOBAL_ACCENT_COLOR_NAME = AccentColor;
				CODE_SIGN_STYLE = Automatic;
				CURRENT_PROJECT_VERSION = 1;
				DEVELOPMENT_ASSET_PATHS = "\"ParseMigrateKeychain/Preview Content\"";
				ENABLE_PREVIEWS = YES;
				GENERATE_INFOPLIST_FILE = YES;
				INFOPLIST_KEY_UIApplicationSceneManifest_Generation = YES;
				INFOPLIST_KEY_UIApplicationSupportsIndirectInputEvents = YES;
				INFOPLIST_KEY_UILaunchScreen_Generation = YES;
				INFOPLIST_KEY_UISupportedInterfaceOrientations_iPad = "UIInterfaceOrientationPortrait UIInterfaceOrientationPortraitUpsideDown UIInterfaceOrientationLandscapeLeft UIInterfaceOrientationLandscapeRight";
				INFOPLIST_KEY_UISupportedInterfaceOrientations_iPhone = "UIInterfaceOrientationPortrait UIInterfaceOrientationLandscapeLeft UIInterfaceOrientationLandscapeRight";
				LD_RUNPATH_SEARCH_PATHS = (
					"$(inherited)",
					"@executable_path/Frameworks",
				);
				MARKETING_VERSION = 1.0;
				PRODUCT_BUNDLE_IDENTIFIER = com.parse.TestHostMac.ParseMigrateKeychain;
				PRODUCT_NAME = "$(TARGET_NAME)";
				SWIFT_EMIT_LOC_STRINGS = YES;
				SWIFT_VERSION = 5.0;
				TARGETED_DEVICE_FAMILY = "1,2";
			};
			name = Debug;
		};
		704E780428CE43C60075F952 /* Release */ = {
			isa = XCBuildConfiguration;
			buildSettings = {
				ASSETCATALOG_COMPILER_APPICON_NAME = AppIcon;
				ASSETCATALOG_COMPILER_GLOBAL_ACCENT_COLOR_NAME = AccentColor;
				CODE_SIGN_STYLE = Automatic;
				CURRENT_PROJECT_VERSION = 1;
				DEVELOPMENT_ASSET_PATHS = "\"ParseMigrateKeychain/Preview Content\"";
				ENABLE_PREVIEWS = YES;
				GENERATE_INFOPLIST_FILE = YES;
				INFOPLIST_KEY_UIApplicationSceneManifest_Generation = YES;
				INFOPLIST_KEY_UIApplicationSupportsIndirectInputEvents = YES;
				INFOPLIST_KEY_UILaunchScreen_Generation = YES;
				INFOPLIST_KEY_UISupportedInterfaceOrientations_iPad = "UIInterfaceOrientationPortrait UIInterfaceOrientationPortraitUpsideDown UIInterfaceOrientationLandscapeLeft UIInterfaceOrientationLandscapeRight";
				INFOPLIST_KEY_UISupportedInterfaceOrientations_iPhone = "UIInterfaceOrientationPortrait UIInterfaceOrientationLandscapeLeft UIInterfaceOrientationLandscapeRight";
				LD_RUNPATH_SEARCH_PATHS = (
					"$(inherited)",
					"@executable_path/Frameworks",
				);
				MARKETING_VERSION = 1.0;
				PRODUCT_BUNDLE_IDENTIFIER = com.parse.TestHostMac.ParseMigrateKeychain;
				PRODUCT_NAME = "$(TARGET_NAME)";
				SWIFT_EMIT_LOC_STRINGS = YES;
				SWIFT_VERSION = 5.0;
				TARGETED_DEVICE_FAMILY = "1,2";
			};
			name = Release;
		};
/* End XCBuildConfiguration section */

/* Begin XCConfigurationList section */
		704E77EF28CE43C40075F952 /* Build configuration list for PBXProject "ParseMigrateKeychain" */ = {
			isa = XCConfigurationList;
			buildConfigurations = (
				704E780028CE43C60075F952 /* Debug */,
				704E780128CE43C60075F952 /* Release */,
			);
			defaultConfigurationIsVisible = 0;
			defaultConfigurationName = Release;
		};
		704E780228CE43C60075F952 /* Build configuration list for PBXNativeTarget "ParseMigrateKeychain" */ = {
			isa = XCConfigurationList;
			buildConfigurations = (
				704E780328CE43C60075F952 /* Debug */,
				704E780428CE43C60075F952 /* Release */,
			);
			defaultConfigurationIsVisible = 0;
			defaultConfigurationName = Release;
		};
/* End XCConfigurationList section */

/* Begin XCRemoteSwiftPackageReference section */
		704E780828CE477E0075F952 /* XCRemoteSwiftPackageReference "Parse-SDK-iOS-OSX" */ = {
			isa = XCRemoteSwiftPackageReference;
			repositoryURL = "https://github.com/mman/Parse-SDK-iOS-OSX.git";
			requirement = {
				branch = spm;
				kind = branch;
			};
		};
		704E781228CEEF3E0075F952 /* XCRemoteSwiftPackageReference "Parse-Swift" */ = {
			isa = XCRemoteSwiftPackageReference;
			repositoryURL = "https://github.com/parse-community/Parse-Swift";
			requirement = {
				kind = revision;
				revision = 62553bc76cbf72fa731141f29a7a2a33ef3da24c;
			};
		};
/* End XCRemoteSwiftPackageReference section */

/* Begin XCSwiftPackageProductDependency section */
		704E780928CE477E0075F952 /* Parse */ = {
			isa = XCSwiftPackageProductDependency;
			package = 704E780828CE477E0075F952 /* XCRemoteSwiftPackageReference "Parse-SDK-iOS-OSX" */;
			productName = Parse;
		};
		704E781328CEEF3E0075F952 /* ParseSwift */ = {
			isa = XCSwiftPackageProductDependency;
			package = 704E781228CEEF3E0075F952 /* XCRemoteSwiftPackageReference "Parse-Swift" */;
			productName = ParseSwift;
		};
/* End XCSwiftPackageProductDependency section */
	};
	rootObject = 704E77EC28CE43C40075F952 /* Project object */;
}
