{
  "pins" : [
    {
      "identity" : "bolts-objc",
      "kind" : "remoteSourceControl",
      "location" : "https://github.com/mman/Bolts-ObjC.git",
      "state" : {
        "branch" : "spm",
        "revision" : "280ce884d7c64aaf98f4f191b213dbaa0f854981"
      }
    },
    {
      "identity" : "parse-sdk-ios-osx",
      "kind" : "remoteSourceControl",
      "location" : "https://github.com/mman/Parse-SDK-iOS-OSX.git",
      "state" : {
        "branch" : "spm",
        "revision" : "b1f2a5cd1e5df228c34171495af0ccd3455492a2"
      }
    },
    {
      "identity" : "parse-swift",
      "kind" : "remoteSourceControl",
      "location" : "https://github.com/parse-community/Parse-Swift",
      "state" : {
        "revision" : "9ab52710686243169cbd3f173dbf7344b0978046",
        "version" : "4.12.0"
      }
    }
  ],
  "version" : 2
}
